
Microsoft Visual Studio Solution File, Format Version 12.00
# Visual Studio 14
VisualStudioVersion = 14.0.23107.0
MinimumVisualStudioVersion = 10.0.40219.1
Project("{E24C65DC-7377-472B-9ABA-BC803B73C61A}") = "netmf-interpreter-techcap", ".", "{DCD9F50E-DF64-465A-A009-7D3AAD7038DD}"
	ProjectSection(WebsiteProperties) = preProject
		TargetFrameworkMoniker = ".NETFramework,Version%3Dv4.0"
		Debug.AspNetCompiler.VirtualPath = "/localhost_58001"
		Debug.AspNetCompiler.PhysicalPath = "..\netmf-interpreter-techcap\"
		Debug.AspNetCompiler.TargetPath = "PrecompiledWeb\localhost_58001\"
		Debug.AspNetCompiler.Updateable = "true"
		Debug.AspNetCompiler.ForceOverwrite = "true"
		Debug.AspNetCompiler.FixedNames = "false"
		Debug.AspNetCompiler.Debug = "True"
		Release.AspNetCompiler.VirtualPath = "/localhost_58001"
		Release.AspNetCompiler.PhysicalPath = "..\netmf-interpreter-techcap\"
		Release.AspNetCompiler.TargetPath = "PrecompiledWeb\localhost_58001\"
		Release.AspNetCompiler.Updateable = "true"
		Release.AspNetCompiler.ForceOverwrite = "true"
		Release.AspNetCompiler.FixedNames = "false"
		Release.AspNetCompiler.Debug = "False"
		VWDPort = "58001"
		SlnRelativePath = "..\netmf-interpreter-techcap\"
	EndProjectSection
EndProject
Global
	GlobalSection(SolutionConfigurationPlatforms) = preSolution
		Debug|Any CPU = Debug|Any CPU
	EndGlobalSection
	GlobalSection(ProjectConfigurationPlatforms) = postSolution
		{DCD9F50E-DF64-465A-A009-7D3AAD7038DD}.Debug|Any CPU.ActiveCfg = Debug|Any CPU
		{DCD9F50E-DF64-465A-A009-7D3AAD7038DD}.Debug|Any CPU.Build.0 = Debug|Any CPU
	EndGlobalSection
	GlobalSection(SolutionProperties) = preSolution
		HideSolutionNode = FALSE
	EndGlobalSection
EndGlobal
